github.com/Rhymond/go-money v1.0.11 h1:hji4GRWA8fIQpUuJCWoWdgl6CdUKVAmHI2c2Jyia+LU=
github.com/Rhymond/go-money v1.0.11/go.mod h1:iHvCuIvitxu2JIlAlhF0g9jHqjRSr+rpdOs7Omqlupg=
github.com/gocarina/gocsv v0.0.0-20231116093920-b87c2d0e983a h1:RYfmiM0zluBJOiPDJseKLEN4BapJ42uSi9SZBQ2YyiA=
github.com/gocarina/gocsv v0.0.0-20231116093920-b87c2d0e983a/go.mod h1:5YoVOkjYAQumqlV356Hj3xeYh4BdZuLE0/nRkf2NKkI=
